
Microsoft Visual Studio Solution File, Format Version 12.00
# Visual Studio 15
VisualStudioVersion = 15.0.26730.8
MinimumVisualStudioVersion = 10.0.40219.1
Project("{FAE04EC0-301F-11D3-BF4B-00C04F79EFBC}") = "TesteGit", "TesteGit\TesteGit.csproj", "{323CEA11-323F-4667-9ABA-B8D7D18E5EFF}"
EndProject
Global
	GlobalSection(SolutionConfigurationPlatforms) = preSolution
		Debug|Any CPU = Debug|Any CPU
		Release|Any CPU = Release|Any CPU
	EndGlobalSection
	GlobalSection(ProjectConfigurationPlatforms) = postSolution
		{323CEA11-323F-4667-9ABA-B8D7D18E5EFF}.Debug|Any CPU.ActiveCfg = Debug|Any CPU
		{323CEA11-323F-4667-9ABA-B8D7D18E5EFF}.Debug|Any CPU.Build.0 = Debug|Any CPU
		{323CEA11-323F-4667-9ABA-B8D7D18E5EFF}.Release|Any CPU.ActiveCfg = Release|Any CPU
		{323CEA11-323F-4667-9ABA-B8D7D18E5EFF}.Release|Any CPU.Build.0 = Release|Any CPU
	EndGlobalSection
	GlobalSection(SolutionProperties) = preSolution
		HideSolutionNode = FALSE
	EndGlobalSection
	GlobalSection(ExtensibilityGlobals) = postSolution
		SolutionGuid = {6CCE43D0-0B34-4DE9-9D64-135ADD11AC78}
	EndGlobalSection
EndGlobal
